
Microsoft Visual Studio Solution File, Format Version 12.00
# Visual Studio 15
VisualStudioVersion = 15.0.28307.421
MinimumVisualStudioVersion = 10.0.40219.1
Project("{FAE04EC0-301F-11D3-BF4B-00C04F79EFBC}") = "DataDrivenTest", "DataDrivenTest\DataDrivenTest.csproj", "{347AD970-E228-4128-8E75-589368B548EB}"
EndProject
Project("{FAE04EC0-301F-11D3-BF4B-00C04F79EFBC}") = "Money", "Money\Money.csproj", "{2C0FB6B1-630C-410E-8266-4A7FC6846B7F}"
EndProject
Global
	GlobalSection(SolutionConfigurationPlatforms) = preSolution
		Debug|Any CPU = Debug|Any CPU
		Release|Any CPU = Release|Any CPU
	EndGlobalSection
	GlobalSection(ProjectConfigurationPlatforms) = postSolution
		{347AD970-E228-4128-8E75-589368B548EB}.Debug|Any CPU.ActiveCfg = Debug|Any CPU
		{347AD970-E228-4128-8E75-589368B548EB}.Debug|Any CPU.Build.0 = Debug|Any CPU
		{347AD970-E228-4128-8E75-589368B548EB}.Release|Any CPU.ActiveCfg = Release|Any CPU
		{347AD970-E228-4128-8E75-589368B548EB}.Release|Any CPU.Build.0 = Release|Any CPU
		{2C0FB6B1-630C-410E-8266-4A7FC6846B7F}.Debug|Any CPU.ActiveCfg = Debug|Any CPU
		{2C0FB6B1-630C-410E-8266-4A7FC6846B7F}.Debug|Any CPU.Build.0 = Debug|Any CPU
		{2C0FB6B1-630C-410E-8266-4A7FC6846B7F}.Release|Any CPU.ActiveCfg = Release|Any CPU
		{2C0FB6B1-630C-410E-8266-4A7FC6846B7F}.Release|Any CPU.Build.0 = Release|Any CPU
	EndGlobalSection
	GlobalSection(SolutionProperties) = preSolution
		HideSolutionNode = FALSE
	EndGlobalSection
	GlobalSection(ExtensibilityGlobals) = postSolution
		SolutionGuid = {1C6104EE-0D32-43F5-A2E3-C339FE719FD0}
	EndGlobalSection
EndGlobal
